
Microsoft Visual Studio Solution File, Format Version 12.00
# Visual Studio Version 17
VisualStudioVersion = 17.7.34221.43
MinimumVisualStudioVersion = 10.0.40219.1
Project("{888888A0-9F3D-457C-B088-3A5042F75D52}") = "Encapsulation", "Encapsulation.pyproj", "{102F8F4D-4BCC-4878-ACDB-5312FD0CF173}"
EndProject
Global
	GlobalSection(SolutionConfigurationPlatforms) = preSolution
		Debug|Any CPU = Debug|Any CPU
		Release|Any CPU = Release|Any CPU
	EndGlobalSection
	GlobalSection(ProjectConfigurationPlatforms) = postSolution
		{102F8F4D-4BCC-4878-ACDB-5312FD0CF173}.Debug|Any CPU.ActiveCfg = Debug|Any CPU
		{102F8F4D-4BCC-4878-ACDB-5312FD0CF173}.Release|Any CPU.ActiveCfg = Release|Any CPU
	EndGlobalSection
	GlobalSection(SolutionProperties) = preSolution
		HideSolutionNode = FALSE
	EndGlobalSection
	GlobalSection(ExtensibilityGlobals) = postSolution
		SolutionGuid = {5760A8D6-396D-40B6-B631-40A4C62B9C3D}
	EndGlobalSection
EndGlobal
